# THIS IS AN AUTOGENERATED FILE. DO NOT EDIT THIS FILE DIRECTLY.
# yarn lockfile v1


"@babel/helper-string-parser@^7.27.1":
  version "7.27.1"
  resolved "https://registry.npmjs.org/@babel/helper-string-parser/-/helper-string-parser-7.27.1.tgz"
  integrity sha512-qMlSxKbpRlAridDExk92nSobyDdpPijUq2DW6oDnUqd0iOGxmQjyqhMIihI9+zv4LPyZdRje2cavWPbCbWm3eA==

"@babel/helper-validator-identifier@^7.28.5":
  version "7.28.5"
  resolved "https://registry.npmjs.org/@babel/helper-validator-identifier/-/helper-validator-identifier-7.28.5.tgz"
  integrity sha512-qSs4ifwzKJSV39ucNjsvc6WVHs6b7S03sOh2OcHF9UHfVPqWWALUsNUVzhSBiItjRZoLHx7nIarVjqKVusUZ1Q==

"@babel/parser@^7.23.5":
  version "7.28.6"
  resolved "https://registry.npmjs.org/@babel/parser/-/parser-7.28.6.tgz"
  integrity sha512-TeR9zWR18BvbfPmGbLampPMW+uW1NZnJlRuuHso8i87QZNq2JRF9i6RgxRqtEq+wQGsS19NNTWr2duhnE49mfQ==
  dependencies:
    "@babel/types" "^7.28.6"

"@babel/types@^7.28.6":
  version "7.28.6"
  resolved "https://registry.npmjs.org/@babel/types/-/types-7.28.6.tgz"
  integrity sha512-0ZrskXVEHSWIqZM/sQZ4EV3jZJXRkio/WCxaqKZP1g//CEWEPSfeZFcms4XeKBCHU0ZKnIkdJeU/kF+eRp5lBg==
  dependencies:
    "@babel/helper-string-parser" "^7.27.1"
    "@babel/helper-validator-identifier" "^7.28.5"

"@esbuild/aix-ppc64@0.21.5":
  version "0.21.5"
  resolved "https://registry.yarnpkg.com/@esbuild/aix-ppc64/-/aix-ppc64-0.21.5.tgz#c7184a326533fcdf1b8ee0733e21c713b975575f"
  integrity sha512-1SDgH6ZSPTlggy1yI6+Dbkiz8xzpHJEVAlF/AM1tHPLsf5STom9rwtjE4hKAF20FfXXNTFqEYXyJNWh1GiZedQ==

"@esbuild/android-arm64@0.21.5":
  version "0.21.5"
  resolved "https://registry.yarnpkg.com/@esbuild/android-arm64/-/android-arm64-0.21.5.tgz#09d9b4357780da9ea3a7dfb833a1f1ff439b4052"
  integrity sha512-c0uX9VAUBQ7dTDCjq+wdyGLowMdtR/GoC2U5IYk/7D1H1JYC0qseD7+11iMP2mRLN9RcCMRcjC4YMclCzGwS/A==

"@esbuild/android-arm@0.21.5":
  version "0.21.5"
  resolved "https://registry.yarnpkg.com/@esbuild/android-arm/-/android-arm-0.21.5.tgz#9b04384fb771926dfa6d7ad04324ecb2ab9b2e28"
  integrity sha512-vCPvzSjpPHEi1siZdlvAlsPxXl7WbOVUBBAowWug4rJHb68Ox8KualB+1ocNvT5fjv6wpkX6o/iEpbDrf68zcg==

"@esbuild/android-x64@0.21.5":
  version "0.21.5"
  resolved "https://registry.yarnpkg.com/@esbuild/android-x64/-/android-x64-0.21.5.tgz#29918ec2db754cedcb6c1b04de8cd6547af6461e"
  integrity sha512-D7aPRUUNHRBwHxzxRvp856rjUHRFW1SdQATKXH2hqA0kAZb1hKmi02OpYRacl0TxIGz/ZmXWlbZgjwWYaCakTA==

"@esbuild/darwin-arm64@0.21.5":
  version "0.21.5"
  resolved "https://registry.yarnpkg.com/@esbuild/darwin-arm64/-/darwin-arm64-0.21.5.tgz#e495b539660e51690f3928af50a76fb0a6ccff2a"
  integrity sha512-DwqXqZyuk5AiWWf3UfLiRDJ5EDd49zg6O9wclZ7kUMv2WRFr4HKjXp/5t8JZ11QbQfUS6/cRCKGwYhtNAY88kQ==

"@esbuild/darwin-x64@0.21.5":
  version "0.21.5"
  resolved "https://registry.yarnpkg.com/@esbuild/darwin-x64/-/darwin-x64-0.21.5.tgz#c13838fa57372839abdddc91d71542ceea2e1e22"
  integrity sha512-se/JjF8NlmKVG4kNIuyWMV/22ZaerB+qaSi5MdrXtd6R08kvs2qCN4C09miupktDitvh8jRFflwGFBQcxZRjbw==

"@esbuild/freebsd-arm64@0.21.5":
  version "0.21.5"
  resolved "https://registry.yarnpkg.com/@esbuild/freebsd-arm64/-/freebsd-arm64-0.21.5.tgz#646b989aa20bf89fd071dd5dbfad69a3542e550e"
  integrity sha512-5JcRxxRDUJLX8JXp/wcBCy3pENnCgBR9bN6JsY4OmhfUtIHe3ZW0mawA7+RDAcMLrMIZaf03NlQiX9DGyB8h4g==

"@esbuild/freebsd-x64@0.21.5":
  version "0.21.5"
  resolved "https://registry.yarnpkg.com/@esbuild/freebsd-x64/-/freebsd-x64-0.21.5.tgz#aa615cfc80af954d3458906e38ca22c18cf5c261"
  integrity sha512-J95kNBj1zkbMXtHVH29bBriQygMXqoVQOQYA+ISs0/2l3T9/kj42ow2mpqerRBxDJnmkUDCaQT/dfNXWX/ZZCQ==

"@esbuild/linux-arm64@0.21.5":
  version "0.21.5"
  resolved "https://registry.yarnpkg.com/@esbuild/linux-arm64/-/linux-arm64-0.21.5.tgz#70ac6fa14f5cb7e1f7f887bcffb680ad09922b5b"
  integrity sha512-ibKvmyYzKsBeX8d8I7MH/TMfWDXBF3db4qM6sy+7re0YXya+K1cem3on9XgdT2EQGMu4hQyZhan7TeQ8XkGp4Q==

"@esbuild/linux-arm@0.21.5":
  version "0.21.5"
  resolved "https://registry.yarnpkg.com/@esbuild/linux-arm/-/linux-arm-0.21.5.tgz#fc6fd11a8aca56c1f6f3894f2bea0479f8f626b9"
  integrity sha512-bPb5AHZtbeNGjCKVZ9UGqGwo8EUu4cLq68E95A53KlxAPRmUyYv2D6F0uUI65XisGOL1hBP5mTronbgo+0bFcA==

"@esbuild/linux-ia32@0.21.5":
  version "0.21.5"
  resolved "https://registry.yarnpkg.com/@esbuild/linux-ia32/-/linux-ia32-0.21.5.tgz#3271f53b3f93e3d093d518d1649d6d68d346ede2"
  integrity sha512-YvjXDqLRqPDl2dvRODYmmhz4rPeVKYvppfGYKSNGdyZkA01046pLWyRKKI3ax8fbJoK5QbxblURkwK/MWY18Tg==

"@esbuild/linux-loong64@0.21.5":
  version "0.21.5"
  resolved "https://registry.yarnpkg.com/@esbuild/linux-loong64/-/linux-loong64-0.21.5.tgz#ed62e04238c57026aea831c5a130b73c0f9f26df"
  integrity sha512-uHf1BmMG8qEvzdrzAqg2SIG/02+4/DHB6a9Kbya0XDvwDEKCoC8ZRWI5JJvNdUjtciBGFQ5PuBlpEOXQj+JQSg==

"@esbuild/linux-mips64el@0.21.5":
  version "0.21.5"
  resolved "https://registry.yarnpkg.com/@esbuild/linux-mips64el/-/linux-mips64el-0.21.5.tgz#e79b8eb48bf3b106fadec1ac8240fb97b4e64cbe"
  integrity sha512-IajOmO+KJK23bj52dFSNCMsz1QP1DqM6cwLUv3W1QwyxkyIWecfafnI555fvSGqEKwjMXVLokcV5ygHW5b3Jbg==

"@esbuild/linux-ppc64@0.21.5":
  version "0.21.5"
  resolved "https://registry.yarnpkg.com/@esbuild/linux-ppc64/-/linux-ppc64-0.21.5.tgz#5f2203860a143b9919d383ef7573521fb154c3e4"
  integrity sha512-1hHV/Z4OEfMwpLO8rp7CvlhBDnjsC3CttJXIhBi+5Aj5r+MBvy4egg7wCbe//hSsT+RvDAG7s81tAvpL2XAE4w==

"@esbuild/linux-riscv64@0.21.5":
  version "0.21.5"
  resolved "https://registry.yarnpkg.com/@esbuild/linux-riscv64/-/linux-riscv64-0.21.5.tgz#07bcafd99322d5af62f618cb9e6a9b7f4bb825dc"
  integrity sha512-2HdXDMd9GMgTGrPWnJzP2ALSokE/0O5HhTUvWIbD3YdjME8JwvSCnNGBnTThKGEB91OZhzrJ4qIIxk/SBmyDDA==

"@esbuild/linux-s390x@0.21.5":
  version "0.21.5"
  resolved "https://registry.yarnpkg.com/@esbuild/linux-s390x/-/linux-s390x-0.21.5.tgz#b7ccf686751d6a3e44b8627ababc8be3ef62d8de"
  integrity sha512-zus5sxzqBJD3eXxwvjN1yQkRepANgxE9lgOW2qLnmr8ikMTphkjgXu1HR01K4FJg8h1kEEDAqDcZQtbrRnB41A==

"@esbuild/linux-x64@0.21.5":
  version "0.21.5"
  resolved "https://registry.yarnpkg.com/@esbuild/linux-x64/-/linux-x64-0.21.5.tgz#6d8f0c768e070e64309af8004bb94e68ab2bb3b0"
  integrity sha512-1rYdTpyv03iycF1+BhzrzQJCdOuAOtaqHTWJZCWvijKD2N5Xu0TtVC8/+1faWqcP9iBCWOmjmhoH94dH82BxPQ==

"@esbuild/netbsd-x64@0.21.5":
  version "0.21.5"
  resolved "https://registry.yarnpkg.com/@esbuild/netbsd-x64/-/netbsd-x64-0.21.5.tgz#bbe430f60d378ecb88decb219c602667387a6047"
  integrity sha512-Woi2MXzXjMULccIwMnLciyZH4nCIMpWQAs049KEeMvOcNADVxo0UBIQPfSmxB3CWKedngg7sWZdLvLczpe0tLg==

"@esbuild/openbsd-x64@0.21.5":
  version "0.21.5"
  resolved "https://registry.yarnpkg.com/@esbuild/openbsd-x64/-/openbsd-x64-0.21.5.tgz#99d1cf2937279560d2104821f5ccce220cb2af70"
  integrity sha512-HLNNw99xsvx12lFBUwoT8EVCsSvRNDVxNpjZ7bPn947b8gJPzeHWyNVhFsaerc0n3TsbOINvRP2byTZ5LKezow==

"@esbuild/sunos-x64@0.21.5":
  version "0.21.5"
  resolved "https://registry.yarnpkg.com/@esbuild/sunos-x64/-/sunos-x64-0.21.5.tgz#08741512c10d529566baba837b4fe052c8f3487b"
  integrity sha512-6+gjmFpfy0BHU5Tpptkuh8+uw3mnrvgs+dSPQXQOv3ekbordwnzTVEb4qnIvQcYXq6gzkyTnoZ9dZG+D4garKg==

"@esbuild/win32-arm64@0.21.5":
  version "0.21.5"
  resolved "https://registry.yarnpkg.com/@esbuild/win32-arm64/-/win32-arm64-0.21.5.tgz#675b7385398411240735016144ab2e99a60fc75d"
  integrity sha512-Z0gOTd75VvXqyq7nsl93zwahcTROgqvuAcYDUr+vOv8uHhNSKROyU961kgtCD1e95IqPKSQKH7tBTslnS3tA8A==

"@esbuild/win32-ia32@0.21.5":
  version "0.21.5"
  resolved "https://registry.yarnpkg.com/@esbuild/win32-ia32/-/win32-ia32-0.21.5.tgz#1bfc3ce98aa6ca9a0969e4d2af72144c59c1193b"
  integrity sha512-SWXFF1CL2RVNMaVs+BBClwtfZSvDgtL//G/smwAc5oVK/UPu2Gu9tIaRgFmYFFKrmg3SyAjSrElf0TiJ1v8fYA==

"@esbuild/win32-x64@0.21.5":
  version "0.21.5"
  resolved "https://registry.npmjs.org/@esbuild/win32-x64/-/win32-x64-0.21.5.tgz"
  integrity sha512-tQd/1efJuzPC6rCFwEvLtci/xNFcTZknmXs98FYDfGE4wP9ClFV98nyKrzJKVPMhdDnjzLhdUyMX4PsQAPjwIw==

"@jridgewell/gen-mapping@^0.3.5":
  version "0.3.13"
  resolved "https://registry.npmjs.org/@jridgewell/gen-mapping/-/gen-mapping-0.3.13.tgz"
  integrity sha512-2kkt/7niJ6MgEPxF0bYdQ6etZaA+fQvDcLKckhy1yIQOzaoKjBBjSj63/aLVjYE3qhRt5dvM+uUyfCg6UKCBbA==
  dependencies:
    "@jridgewell/sourcemap-codec" "^1.5.0"
    "@jridgewell/trace-mapping" "^0.3.24"

"@jridgewell/resolve-uri@^3.1.0":
  version "3.1.2"
  resolved "https://registry.npmjs.org/@jridgewell/resolve-uri/-/resolve-uri-3.1.2.tgz"
  integrity sha512-bRISgCIjP20/tbWSPWMEi54QVPRZExkuD9lJL+UIxUKtwVJA8wW1Trb1jMs1RFXo1CBTNZ/5hpC9QvmKWdopKw==

"@jridgewell/source-map@^0.3.3":
  version "0.3.11"
  resolved "https://registry.npmjs.org/@jridgewell/source-map/-/source-map-0.3.11.tgz"
  integrity sha512-ZMp1V8ZFcPG5dIWnQLr3NSI1MiCU7UETdS/A0G8V/XWHvJv3ZsFqutJn1Y5RPmAPX6F3BiE397OqveU/9NCuIA==
  dependencies:
    "@jridgewell/gen-mapping" "^0.3.5"
    "@jridgewell/trace-mapping" "^0.3.25"

"@jridgewell/sourcemap-codec@^1.4.14", "@jridgewell/sourcemap-codec@^1.5.0":
  version "1.5.5"
  resolved "https://registry.npmjs.org/@jridgewell/sourcemap-codec/-/sourcemap-codec-1.5.5.tgz"
  integrity sha512-cYQ9310grqxueWbl+WuIUIaiUaDcj7WOq5fVhEljNVgRfOUhY9fy2zTvfoqWsnebh8Sl70VScFbICvJnLKB0Og==

"@jridgewell/trace-mapping@^0.3.24", "@jridgewell/trace-mapping@^0.3.25":
  version "0.3.31"
  resolved "https://registry.npmjs.org/@jridgewell/trace-mapping/-/trace-mapping-0.3.31.tgz"
  integrity sha512-zzNR+SdQSDJzc8joaeP8QQoCQr8NuYx2dIIytl1QeBEZHJ9uW6hebsrYgbz8hJwUQao3TWCMtmfV8Nu1twOLAw==
  dependencies:
    "@jridgewell/resolve-uri" "^3.1.0"
    "@jridgewell/sourcemap-codec" "^1.4.14"

"@rollup/rollup-android-arm-eabi@4.55.2":
  version "4.55.2"
  resolved "https://registry.yarnpkg.com/@rollup/rollup-android-arm-eabi/-/rollup-android-arm-eabi-4.55.2.tgz#60a7889627edae1e6fade79fe188db8ead2c6829"
  integrity sha512-21J6xzayjy3O6NdnlO6aXi/urvSRjm6nCI6+nF6ra2YofKruGixN9kfT+dt55HVNwfDmpDHJcaS3JuP/boNnlA==

"@rollup/rollup-android-arm64@4.55.2":
  version "4.55.2"
  resolved "https://registry.yarnpkg.com/@rollup/rollup-android-arm64/-/rollup-android-arm64-4.55.2.tgz#c2d15e2c1b720ea6bbcbdc6bd22fbc663840b82b"
  integrity sha512-eXBg7ibkNUZ+sTwbFiDKou0BAckeV6kIigK7y5Ko4mB/5A1KLhuzEKovsmfvsL8mQorkoincMFGnQuIT92SKqA==

"@rollup/rollup-darwin-arm64@4.55.2":
  version "4.55.2"
  resolved "https://registry.yarnpkg.com/@rollup/rollup-darwin-arm64/-/rollup-darwin-arm64-4.55.2.tgz#6f30bf301c6b4155f753231d220d47efe78ab04f"
  integrity sha512-UCbaTklREjrc5U47ypLulAgg4njaqfOVLU18VrCrI+6E5MQjuG0lSWaqLlAJwsD7NpFV249XgB0Bi37Zh5Sz4g==

"@rollup/rollup-darwin-x64@4.55.2":
  version "4.55.2"
  resolved "https://registry.yarnpkg.com/@rollup/rollup-darwin-x64/-/rollup-darwin-x64-4.55.2.tgz#4c9f37c97f93af9187c3cd0223b05d4f3f1eddc7"
  integrity sha512-dP67MA0cCMHFT2g5XyjtpVOtp7y4UyUxN3dhLdt11at5cPKnSm4lY+EhwNvDXIMzAMIo2KU+mc9wxaAQJTn7sQ==

"@rollup/rollup-freebsd-arm64@4.55.2":
  version "4.55.2"
  resolved "https://registry.yarnpkg.com/@rollup/rollup-freebsd-arm64/-/rollup-freebsd-arm64-4.55.2.tgz#811bf4aeb619dc834837a10bc55fb2d23622bdb2"
  integrity sha512-WDUPLUwfYV9G1yxNRJdXcvISW15mpvod1Wv3ok+Ws93w1HjIVmCIFxsG2DquO+3usMNCpJQ0wqO+3GhFdl6Fow==

"@rollup/rollup-freebsd-x64@4.55.2":
  version "4.55.2"
  resolved "https://registry.yarnpkg.com/@rollup/rollup-freebsd-x64/-/rollup-freebsd-x64-4.55.2.tgz#b2f3ee43ee13aa98abf30cce8a8e1f5cfc712317"
  integrity sha512-Ng95wtHVEulRwn7R0tMrlUuiLVL/HXA8Lt/MYVpy88+s5ikpntzZba1qEulTuPnPIZuOPcW9wNEiqvZxZmgmqQ==

"@rollup/rollup-linux-arm-gnueabihf@4.55.2":
  version "4.55.2"
  resolved "https://registry.yarnpkg.com/@rollup/rollup-linux-arm-gnueabihf/-/rollup-linux-arm-gnueabihf-4.55.2.tgz#0f7a59cef492b9d9dc225bb3d65d9638d371bc39"
  integrity sha512-AEXMESUDWWGqD6LwO/HkqCZgUE1VCJ1OhbvYGsfqX2Y6w5quSXuyoy/Fg3nRqiwro+cJYFxiw5v4kB2ZDLhxrw==

"@rollup/rollup-linux-arm-musleabihf@4.55.2":
  version "4.55.2"
  resolved "https://registry.yarnpkg.com/@rollup/rollup-linux-arm-musleabihf/-/rollup-linux-arm-musleabihf-4.55.2.tgz#3b97d6d4b64d328da78a0d7d29b2783c83315dc5"
  integrity sha512-ZV7EljjBDwBBBSv570VWj0hiNTdHt9uGznDtznBB4Caj3ch5rgD4I2K1GQrtbvJ/QiB+663lLgOdcADMNVC29Q==

"@rollup/rollup-linux-arm64-gnu@4.55.2":
  version "4.55.2"
  resolved "https://registry.yarnpkg.com/@rollup/rollup-linux-arm64-gnu/-/rollup-linux-arm64-gnu-4.55.2.tgz#62a49932e0210b25c85408076243d717e3efabf0"
  integrity sha512-uvjwc8NtQVPAJtq4Tt7Q49FOodjfbf6NpqXyW/rjXoV+iZ3EJAHLNAnKT5UJBc6ffQVgmXTUL2ifYiLABlGFqA==

"@rollup/rollup-linux-arm64-musl@4.55.2":
  version "4.55.2"
  resolved "https://registry.yarnpkg.com/@rollup/rollup-linux-arm64-musl/-/rollup-linux-arm64-musl-4.55.2.tgz#69cb1d164c9cde8ceae026b333bf227ea4a7ea34"
  integrity sha512-s3KoWVNnye9mm/2WpOZ3JeUiediUVw6AvY/H7jNA6qgKA2V2aM25lMkVarTDfiicn/DLq3O0a81jncXszoyCFA==

"@rollup/rollup-linux-loong64-gnu@4.55.2":
  version "4.55.2"
  resolved "https://registry.yarnpkg.com/@rollup/rollup-linux-loong64-gnu/-/rollup-linux-loong64-gnu-4.55.2.tgz#40d8ab4dae850555fed866bd2e7218aff7fe3ccf"
  integrity sha512-gi21faacK+J8aVSyAUptML9VQN26JRxe484IbF+h3hpG+sNVoMXPduhREz2CcYr5my0NE3MjVvQ5bMKX71pfVA==

"@rollup/rollup-linux-loong64-musl@4.55.2":
  version "4.55.2"
  resolved "https://registry.yarnpkg.com/@rollup/rollup-linux-loong64-musl/-/rollup-linux-loong64-musl-4.55.2.tgz#a1a7a06dbcbf9d3038df1603d7e7d2eb9bf20e6b"
  integrity sha512-qSlWiXnVaS/ceqXNfnoFZh4IiCA0EwvCivivTGbEu1qv2o+WTHpn1zNmCTAoOG5QaVr2/yhCoLScQtc/7RxshA==

"@rollup/rollup-linux-ppc64-gnu@4.55.2":
  version "4.55.2"
  resolved "https://registry.yarnpkg.com/@rollup/rollup-linux-ppc64-gnu/-/rollup-linux-ppc64-gnu-4.55.2.tgz#9495db6fe330cdcc2aea781434406fd08a180442"
  integrity sha512-rPyuLFNoF1B0+wolH277E780NUKf+KoEDb3OyoLbAO18BbeKi++YN6gC/zuJoPPDlQRL3fIxHxCxVEWiem2yXw==

"@rollup/rollup-linux-ppc64-musl@4.55.2":
  version "4.55.2"
  resolved "https://registry.yarnpkg.com/@rollup/rollup-linux-ppc64-musl/-/rollup-linux-ppc64-musl-4.55.2.tgz#6ea3814aacddd8c811542e1a5cbd5772b9f19cce"
  integrity sha512-g+0ZLMook31iWV4PvqKU0i9E78gaZgYpSrYPed/4Bu+nGTgfOPtfs1h11tSSRPXSjC5EzLTjV/1A7L2Vr8pJoQ==

"@rollup/rollup-linux-riscv64-gnu@4.55.2":
  version "4.55.2"
  resolved "https://registry.yarnpkg.com/@rollup/rollup-linux-riscv64-gnu/-/rollup-linux-riscv64-gnu-4.55.2.tgz#b5ea2c1599140d3cca2490c668ade233bc6c6a78"
  integrity sha512-i+sGeRGsjKZcQRh3BRfpLsM3LX3bi4AoEVqmGDyc50L6KfYsN45wVCSz70iQMwPWr3E5opSiLOwsC9WB4/1pqg==

"@rollup/rollup-linux-riscv64-musl@4.55.2":
  version "4.55.2"
  resolved "https://registry.yarnpkg.com/@rollup/rollup-linux-riscv64-musl/-/rollup-linux-riscv64-musl-4.55.2.tgz#3b2694f588c4eeaeab30f697ba35e17347536c53"
  integrity sha512-C1vLcKc4MfFV6I0aWsC7B2Y9QcsiEcvKkfxprwkPfLaN8hQf0/fKHwSF2lcYzA9g4imqnhic729VB9Fo70HO3Q==

"@rollup/rollup-linux-s390x-gnu@4.55.2":
  version "4.55.2"
  resolved "https://registry.yarnpkg.com/@rollup/rollup-linux-s390x-gnu/-/rollup-linux-s390x-gnu-4.55.2.tgz#c37296f3b4642fe834c5390efeb9b85c166ac1a8"
  integrity sha512-68gHUK/howpQjh7g7hlD9DvTTt4sNLp1Bb+Yzw2Ki0xvscm2cOdCLZNJNhd2jW8lsTPrHAHuF751BygifW4bkQ==

"@rollup/rollup-linux-x64-gnu@4.55.2":
  version "4.55.2"
  resolved "https://registry.yarnpkg.com/@rollup/rollup-linux-x64-gnu/-/rollup-linux-x64-gnu-4.55.2.tgz#95d926276df80cd738f4a1a7fc5b897534fc81bb"
  integrity sha512-1e30XAuaBP1MAizaOBApsgeGZge2/Byd6wV4a8oa6jPdHELbRHBiw7wvo4dp7Ie2PE8TZT4pj9RLGZv9N4qwlw==

"@rollup/rollup-linux-x64-musl@4.55.2":
  version "4.55.2"
  resolved "https://registry.yarnpkg.com/@rollup/rollup-linux-x64-musl/-/rollup-linux-x64-musl-4.55.2.tgz#9116cd2892f79c843f28c5045a2fc3c77204a20d"
  integrity sha512-4BJucJBGbuGnH6q7kpPqGJGzZnYrpAzRd60HQSt3OpX/6/YVgSsJnNzR8Ot74io50SeVT4CtCWe/RYIAymFPwA==

"@rollup/rollup-openbsd-x64@4.55.2":
  version "4.55.2"
  resolved "https://registry.yarnpkg.com/@rollup/rollup-openbsd-x64/-/rollup-openbsd-x64-4.55.2.tgz#d7e0517290503243d1856d27d48abadcdbc301b6"
  integrity sha512-cT2MmXySMo58ENv8p6/O6wI/h/gLnD3D6JoajwXFZH6X9jz4hARqUhWpGuQhOgLNXscfZYRQMJvZDtWNzMAIDw==

"@rollup/rollup-openharmony-arm64@4.55.2":
  version "4.55.2"
  resolved "https://registry.yarnpkg.com/@rollup/rollup-openharmony-arm64/-/rollup-openharmony-arm64-4.55.2.tgz#661320edb00150f9ec9810d776225d48f0b97a33"
  integrity sha512-sZnyUgGkuzIXaK3jNMPmUIyJrxu/PjmATQrocpGA1WbCPX8H5tfGgRSuYtqBYAvLuIGp8SPRb1O4d1Fkb5fXaQ==

"@rollup/rollup-win32-arm64-msvc@4.55.2":
  version "4.55.2"
  resolved "https://registry.yarnpkg.com/@rollup/rollup-win32-arm64-msvc/-/rollup-win32-arm64-msvc-4.55.2.tgz#38bb3e21bae763166da6992e22e413c6e5fdf957"
  integrity sha512-sDpFbenhmWjNcEbBcoTV0PWvW5rPJFvu+P7XoTY0YLGRupgLbFY0XPfwIbJOObzO7QgkRDANh65RjhPmgSaAjQ==

"@rollup/rollup-win32-ia32-msvc@4.55.2":
  version "4.55.2"
  resolved "https://registry.yarnpkg.com/@rollup/rollup-win32-ia32-msvc/-/rollup-win32-ia32-msvc-4.55.2.tgz#fc59f6fa03cf1e87b3a60a9f1f60f8e7f676f96f"
  integrity sha512-GvJ03TqqaweWCigtKQVBErw2bEhu1tyfNQbarwr94wCGnczA9HF8wqEe3U/Lfu6EdeNP0p6R+APeHVwEqVxpUQ==

"@rollup/rollup-win32-x64-gnu@4.55.2":
  version "4.55.2"
  resolved "https://registry.npmjs.org/@rollup/rollup-win32-x64-gnu/-/rollup-win32-x64-gnu-4.55.2.tgz"
  integrity sha512-KvXsBvp13oZz9JGe5NYS7FNizLe99Ny+W8ETsuCyjXiKdiGrcz2/J/N8qxZ/RSwivqjQguug07NLHqrIHrqfYw==

"@rollup/rollup-win32-x64-msvc@4.55.2":
  version "4.55.2"
  resolved "https://registry.npmjs.org/@rollup/rollup-win32-x64-msvc/-/rollup-win32-x64-msvc-4.55.2.tgz"
  integrity sha512-xNO+fksQhsAckRtDSPWaMeT1uIM+JrDRXlerpnWNXhn1TdB3YZ6uKBMBTKP0eX9XtYEP978hHk1f8332i2AW8Q==

"@types/estree@1.0.8":
  version "1.0.8"
  resolved "https://registry.npmjs.org/@types/estree/-/estree-1.0.8.tgz"
  integrity sha512-dWHzHa2WqEXI/O1E9OjrocMTKJl2mSrEolh1Iomrv6U+JuNwaHXsXx9bLu5gG7BUWFIN0skIQJQ/L1rIex4X6w==

"@vitejs/plugin-basic-ssl@^1.1.0":
  version "1.2.0"
  resolved "https://registry.npmjs.org/@vitejs/plugin-basic-ssl/-/plugin-basic-ssl-1.2.0.tgz"
  integrity sha512-mkQnxTkcldAzIsomk1UuLfAu9n+kpQ3JbHcpCp7d2Oo6ITtji8pHS3QToOWjhPFvNQSnhlkAjmGbhv2QvwO/7Q==

"@vitejs/plugin-vue2@^2.3.1":
  version "2.3.4"
  resolved "https://registry.npmjs.org/@vitejs/plugin-vue2/-/plugin-vue2-2.3.4.tgz"
  integrity sha512-LgqtRRedJb1KdmgcllwGX0gtlPvOvtR6pITXmqxGwQhBZaAysg0Hd7wvj3sjCsj4+PENWsqS7O+ceYSOgJ+H9g==

"@vue/compiler-sfc@2.7.16":
  version "2.7.16"
  resolved "https://registry.npmjs.org/@vue/compiler-sfc/-/compiler-sfc-2.7.16.tgz"
  integrity sha512-KWhJ9k5nXuNtygPU7+t1rX6baZeqOYLEforUPjgNDBnLicfHCoi48H87Q8XyLZOrNNsmhuwKqtpDQWjEFe6Ekg==
  dependencies:
    "@babel/parser" "^7.23.5"
    postcss "^8.4.14"
    source-map "^0.6.1"
  optionalDependencies:
    prettier "^1.18.2 || ^2.0.0"

acorn@^8.15.0:
  version "8.15.0"
  resolved "https://registry.npmjs.org/acorn/-/acorn-8.15.0.tgz"
  integrity sha512-NZyJarBfL7nWwIq+FDL6Zp/yHEhePMNnnJ0y3qfieCrmNvYct8uvtiV41UvlSe6apAfk0fY1FbWx+NwfmpvtTg==

async-validator@~1.8.1:
  version "1.8.5"
  resolved "https://registry.npmjs.org/async-validator/-/async-validator-1.8.5.tgz"
  integrity sha512-tXBM+1m056MAX0E8TL2iCjg8WvSyXu0Zc8LNtYqrVeyoL3+esHRZ4SieE9fKQyyU09uONjnMEjrNBMqT0mbvmA==
  dependencies:
    babel-runtime "6.x"

babel-helper-vue-jsx-merge-props@^2.0.0:
  version "2.0.3"
  resolved "https://registry.npmjs.org/babel-helper-vue-jsx-merge-props/-/babel-helper-vue-jsx-merge-props-2.0.3.tgz"
  integrity sha512-gsLiKK7Qrb7zYJNgiXKpXblxbV5ffSwR0f5whkPAaBAR4fhi6bwRZxX9wBlIc5M/v8CCkXUbXZL4N/nSE97cqg==

babel-runtime@6.x:
  version "6.26.0"
  resolved "https://registry.npmjs.org/babel-runtime/-/babel-runtime-6.26.0.tgz"
  integrity sha512-ITKNuq2wKlW1fJg9sSW52eepoYgZBggvOAHC0u/CYu/qxQ9EVzThCgR69BnSXLHjy2f7SY5zaQ4yt7H9ZVxY2g==
  dependencies:
    core-js "^2.4.0"
    regenerator-runtime "^0.11.0"

buffer-from@^1.0.0:
  version "1.1.2"
  resolved "https://registry.npmjs.org/buffer-from/-/buffer-from-1.1.2.tgz"
  integrity sha512-E+XQCRwSbaaiChtv6k6Dwgc+bx+Bs6vuKJHHl5kox/BaKbhiXzqQOwK4cO22yElGp2OCmjwVhT3HmxgyPGnJfQ==

commander@^2.20.0:
  version "2.20.3"
  resolved "https://registry.npmjs.org/commander/-/commander-2.20.3.tgz"
  integrity sha512-GpVkmM8vF2vQUkj2LvZmD35JxeJOLCwJ9cUkugyk2nuhbv3+mJvpLYYt+0+USMxE+oj+ey/lJEnhZw75x/OMcQ==

core-js@^2.4.0:
  version "2.6.12"
  resolved "https://registry.npmjs.org/core-js/-/core-js-2.6.12.tgz"
  integrity sha512-Kb2wC0fvsWfQrgk8HU5lW6U/Lcs8+9aaYcy4ZFc6DDlo4nZ7n70dEgE5rtR0oG6ufKDUnrwfWL1mXR5ljDatrQ==

csstype@^3.1.0:
  version "3.2.3"
  resolved "https://registry.npmjs.org/csstype/-/csstype-3.2.3.tgz"
  integrity sha512-z1HGKcYy2xA8AGQfwrn0PAy+PB7X/GSj3UVJW9qKyn43xWa+gl5nXmU4qqLMRzWVLFC8KusUX8T/0kCiOYpAIQ==

deepmerge@^1.2.0:
  version "1.5.2"
  resolved "https://registry.npmjs.org/deepmerge/-/deepmerge-1.5.2.tgz"
  integrity sha512-95k0GDqvBjZavkuvzx/YqVLv/6YYa17fz6ILMSf7neqQITCPbnfEnQvEgMPNjH4kgobe7+WIL0yJEHku+H3qtQ==

element-ui@^2.15.14:
  version "2.15.14"
  resolved "https://registry.npmjs.org/element-ui/-/element-ui-2.15.14.tgz"
  integrity sha512-2v9fHL0ZGINotOlRIAJD5YuVB8V7WKxrE9Qy7dXhRipa035+kF7WuU/z+tEmLVPBcJ0zt8mOu1DKpWcVzBK8IA==
  dependencies:
    async-validator "~1.8.1"
    babel-helper-vue-jsx-merge-props "^2.0.0"
    deepmerge "^1.2.0"
    normalize-wheel "^1.0.1"
    resize-observer-polyfill "^1.5.0"
    throttle-debounce "^1.0.1"

esbuild@^0.21.3:
  version "0.21.5"
  resolved "https://registry.npmjs.org/esbuild/-/esbuild-0.21.5.tgz"
  integrity sha512-mg3OPMV4hXywwpoDxu3Qda5xCKQi+vCTZq8S9J/EpkhB2HzKXq4SNFZE3+NK93JYxc8VMSep+lOUSC/RVKaBqw==
  optionalDependencies:
    "@esbuild/aix-ppc64" "0.21.5"
    "@esbuild/android-arm" "0.21.5"
    "@esbuild/android-arm64" "0.21.5"
    "@esbuild/android-x64" "0.21.5"
    "@esbuild/darwin-arm64" "0.21.5"
    "@esbuild/darwin-x64" "0.21.5"
    "@esbuild/freebsd-arm64" "0.21.5"
    "@esbuild/freebsd-x64" "0.21.5"
    "@esbuild/linux-arm" "0.21.5"
    "@esbuild/linux-arm64" "0.21.5"
    "@esbuild/linux-ia32" "0.21.5"
    "@esbuild/linux-loong64" "0.21.5"
    "@esbuild/linux-mips64el" "0.21.5"
    "@esbuild/linux-ppc64" "0.21.5"
    "@esbuild/linux-riscv64" "0.21.5"
    "@esbuild/linux-s390x" "0.21.5"
    "@esbuild/linux-x64" "0.21.5"
    "@esbuild/netbsd-x64" "0.21.5"
    "@esbuild/openbsd-x64" "0.21.5"
    "@esbuild/sunos-x64" "0.21.5"
    "@esbuild/win32-arm64" "0.21.5"
    "@esbuild/win32-ia32" "0.21.5"
    "@esbuild/win32-x64" "0.21.5"

fsevents@~2.3.2, fsevents@~2.3.3:
  version "2.3.3"
  resolved "https://registry.yarnpkg.com/fsevents/-/fsevents-2.3.3.tgz#cac6407785d03675a2a5e1a5305c697b347d90d6"
  integrity sha512-5xoDfX+fL7faATnagmWPpbFtwh/R77WmMMqqHGS65C3vvB0YHrgF+B1YmZ3441tMj5n63k0212XNoJwzlhffQw==

html5-qrcode@^2.3.8:
  version "2.3.8"
  resolved "https://registry.yarnpkg.com/html5-qrcode/-/html5-qrcode-2.3.8.tgz#0b0cdf7a9926cfd4be530e13a51db47592adfa0d"
  integrity sha512-jsr4vafJhwoLVEDW3n1KvPnCCXWaQfRng0/EEYk1vNcQGcG/htAdhJX0be8YyqMoSz7+hZvOZSTAepsabiuhiQ==

nanoid@^3.3.11:
  version "3.3.11"
  resolved "https://registry.npmjs.org/nanoid/-/nanoid-3.3.11.tgz"
  integrity sha512-N8SpfPUnUp1bK+PMYW8qSWdl9U+wwNWI4QKxOYDy9JAro3WMX7p2OeVRF9v+347pnakNevPmiHhNmZ2HbFA76w==

normalize-wheel@^1.0.1:
  version "1.0.1"
  resolved "https://registry.npmjs.org/normalize-wheel/-/normalize-wheel-1.0.1.tgz"
  integrity sha512-1OnlAPZ3zgrk8B91HyRj+eVv+kS5u+Z0SCsak6Xil/kmgEia50ga7zfkumayonZrImffAxPU/5WcyGhzetHNPA==

picocolors@^1.1.1:
  version "1.1.1"
  resolved "https://registry.npmjs.org/picocolors/-/picocolors-1.1.1.tgz"
  integrity sha512-xceH2snhtb5M9liqDsmEw56le376mTZkEX/jEb/RxNFyegNul7eNslCXP9FDj/Lcu0X8KEyMceP2ntpaHrDEVA==

postcss@^8.4.14, postcss@^8.4.43:
  version "8.5.6"
  resolved "https://registry.npmjs.org/postcss/-/postcss-8.5.6.tgz"
  integrity sha512-3Ybi1tAuwAP9s0r1UQ2J4n5Y0G05bJkpUIO0/bI9MhwmD70S5aTWbXGBwxHrelT+XM1k6dM0pk+SwNkpTRN7Pg==
  dependencies:
    nanoid "^3.3.11"
    picocolors "^1.1.1"
    source-map-js "^1.2.1"

"prettier@^1.18.2 || ^2.0.0":
  version "2.8.8"
  resolved "https://registry.npmjs.org/prettier/-/prettier-2.8.8.tgz"
  integrity sha512-tdN8qQGvNjw4CHbY+XXk0JgCXn9QiF21a55rBe5LJAU+kDyC4WQn4+awm2Xfk2lQMk5fKup9XgzTZtGkjBdP9Q==

regenerator-runtime@^0.11.0:
  version "0.11.1"
  resolved "https://registry.npmjs.org/regenerator-runtime/-/regenerator-runtime-0.11.1.tgz"
  integrity sha512-MguG95oij0fC3QV3URf4V2SDYGJhJnJGqvIIgdECeODCT98wSWDAJ94SSuVpYQUoTcGUIL6L4yNB7j1DFFHSBg==

resize-observer-polyfill@^1.5.0:
  version "1.5.1"
  resolved "https://registry.npmjs.org/resize-observer-polyfill/-/resize-observer-polyfill-1.5.1.tgz"
  integrity sha512-LwZrotdHOo12nQuZlHEmtuXdqGoOD0OhaxopaNFxWzInpEgaLWoVuAMbTzixuosCx2nEG58ngzW3vxdWoxIgdg==

rollup@^4.20.0:
  version "4.55.2"
  resolved "https://registry.npmjs.org/rollup/-/rollup-4.55.2.tgz"
  integrity sha512-PggGy4dhwx5qaW+CKBilA/98Ql9keyfnb7lh4SR6shQ91QQQi1ORJ1v4UinkdP2i87OBs9AQFooQylcrrRfIcg==
  dependencies:
    "@types/estree" "1.0.8"
  optionalDependencies:
    "@rollup/rollup-android-arm-eabi" "4.55.2"
    "@rollup/rollup-android-arm64" "4.55.2"
    "@rollup/rollup-darwin-arm64" "4.55.2"
    "@rollup/rollup-darwin-x64" "4.55.2"
    "@rollup/rollup-freebsd-arm64" "4.55.2"
    "@rollup/rollup-freebsd-x64" "4.55.2"
    "@rollup/rollup-linux-arm-gnueabihf" "4.55.2"
    "@rollup/rollup-linux-arm-musleabihf" "4.55.2"
    "@rollup/rollup-linux-arm64-gnu" "4.55.2"
    "@rollup/rollup-linux-arm64-musl" "4.55.2"
    "@rollup/rollup-linux-loong64-gnu" "4.55.2"
    "@rollup/rollup-linux-loong64-musl" "4.55.2"
    "@rollup/rollup-linux-ppc64-gnu" "4.55.2"
    "@rollup/rollup-linux-ppc64-musl" "4.55.2"
    "@rollup/rollup-linux-riscv64-gnu" "4.55.2"
    "@rollup/rollup-linux-riscv64-musl" "4.55.2"
    "@rollup/rollup-linux-s390x-gnu" "4.55.2"
    "@rollup/rollup-linux-x64-gnu" "4.55.2"
    "@rollup/rollup-linux-x64-musl" "4.55.2"
    "@rollup/rollup-openbsd-x64" "4.55.2"
    "@rollup/rollup-openharmony-arm64" "4.55.2"
    "@rollup/rollup-win32-arm64-msvc" "4.55.2"
    "@rollup/rollup-win32-ia32-msvc" "4.55.2"
    "@rollup/rollup-win32-x64-gnu" "4.55.2"
    "@rollup/rollup-win32-x64-msvc" "4.55.2"
    fsevents "~2.3.2"

source-map-js@^1.2.1:
  version "1.2.1"
  resolved "https://registry.npmjs.org/source-map-js/-/source-map-js-1.2.1.tgz"
  integrity sha512-UXWMKhLOwVKb728IUtQPXxfYU+usdybtUrK/8uGE8CQMvrhOpwvzDBwj0QhSL7MQc7vIsISBG8VQ8+IDQxpfQA==

source-map-support@~0.5.20:
  version "0.5.21"
  resolved "https://registry.npmjs.org/source-map-support/-/source-map-support-0.5.21.tgz"
  integrity sha512-uBHU3L3czsIyYXKX88fdrGovxdSCoTGDRZ6SYXtSRxLZUzHg5P/66Ht6uoUlHu9EZod+inXhKo3qQgwXUT/y1w==
  dependencies:
    buffer-from "^1.0.0"
    source-map "^0.6.0"

source-map@^0.6.0, source-map@^0.6.1:
  version "0.6.1"
  resolved "https://registry.npmjs.org/source-map/-/source-map-0.6.1.tgz"
  integrity sha512-UjgapumWlbMhkBgzT7Ykc5YXUT46F0iKu8SGXq0bcwP5dz/h0Plj6enJqjz1Zbq2l5WaqYnrVbwWOWMyF3F47g==

terser@^5.27.0:
  version "5.46.0"
  resolved "https://registry.npmjs.org/terser/-/terser-5.46.0.tgz"
  integrity sha512-jTwoImyr/QbOWFFso3YoU3ik0jBBDJ6JTOQiy/J2YxVJdZCc+5u7skhNwiOR3FQIygFqVUPHl7qbbxtjW2K3Qg==
  dependencies:
    "@jridgewell/source-map" "^0.3.3"
    acorn "^8.15.0"
    commander "^2.20.0"
    source-map-support "~0.5.20"

throttle-debounce@^1.0.1:
  version "1.1.0"
  resolved "https://registry.npmjs.org/throttle-debounce/-/throttle-debounce-1.1.0.tgz"
  integrity sha512-XH8UiPCQcWNuk2LYePibW/4qL97+ZQ1AN3FNXwZRBNPPowo/NRU5fAlDCSNBJIYCKbioZfuYtMhG4quqoJhVzg==

vite@^5.2.0:
  version "5.4.21"
  resolved "https://registry.npmjs.org/vite/-/vite-5.4.21.tgz"
  integrity sha512-o5a9xKjbtuhY6Bi5S3+HvbRERmouabWbyUcpXXUA1u+GNUKoROi9byOJ8M0nHbHYHkYICiMlqxkg1KkYmm25Sw==
  dependencies:
    esbuild "^0.21.3"
    postcss "^8.4.43"
    rollup "^4.20.0"
  optionalDependencies:
    fsevents "~2.3.3"

vue-router@^3.6.5:
  version "3.6.5"
  resolved "https://registry.npmjs.org/vue-router/-/vue-router-3.6.5.tgz"
  integrity sha512-VYXZQLtjuvKxxcshuRAwjHnciqZVoXAjTjcqBTz4rKc8qih9g9pI3hbDjmqXaHdgL3v8pV6P8Z335XvHzESxLQ==

vue@^2.7.16:
  version "2.7.16"
  resolved "https://registry.npmjs.org/vue/-/vue-2.7.16.tgz"
  integrity sha512-4gCtFXaAA3zYZdTp5s4Hl2sozuySsgz4jy1EnpBHNfpMa9dK1ZCG7viqBPCwXtmgc8nHqUsAu3G4gtmXkkY3Sw==
  dependencies:
    "@vue/compiler-sfc" "2.7.16"
    csstype "^3.1.0"
